Microsoft Visual Studio Solution File, Format Version 12.00
# Visual Studio 15
VisualStudioVersion = 15.0.26730.12
MinimumVisualStudioVersion = 10.0.40219.1
Project("{2150E333-8FDC-42A3-9474-1A3956D46DE8}") = "project", "project", "{FA5B215A-4F65-4167-8509-8ADBF78B45ED}"
	ProjectSection(SolutionItems) = preProject
		build.fsx = build.fsx
		LICENSE.Dependencies.txt = LICENSE.Dependencies.txt
		LICENSE.txt = LICENSE.txt
		paket.dependencies = paket.dependencies
		paket.lock = paket.lock
		RDotNet.Graphics.nuspec = RDotNet.Graphics.nuspec
		README.md = README.md
		RELEASE_NOTES.md = RELEASE_NOTES.md
		nuget\Spreads.R.nuspec = nuget\Spreads.R.nuspec
		bin\Spreads.R.Sandbox.fsx = bin\Spreads.R.Sandbox.fsx
	EndProjectSection
EndProject
Project("{F2A71F9B-5D33-465A-A702-920D77279786}") = "Spreads.R.FSharp", "RDotNet.FSharp\Spreads.R.FSharp.fsproj", "{FE745BFD-793D-4B05-B0EE-BEA4D5E3C0A6}"
EndProject
Project("{FAE04EC0-301F-11D3-BF4B-00C04F79EFBC}") = "Spreads.R.Tests", "RDotNet.Tests\Spreads.R.Tests.csproj", "{6C456A2E-FBB5-44DA-B0D2-FE76C49FCD06}"
EndProject
Project("{2150E333-8FDC-42A3-9474-1A3956D46DE8}") = "Tests", "Tests", "{569B67FC-49C8-4D0A-B8BF-CEBB2506618B}"
EndProject
Project("{9A19103F-16F7-4668-BE54-9A1E7A4F7556}") = "Spreads.R", "R.NET\Spreads.R.csproj", "{4C34EA35-2E17-44A1-B986-0AD603BE59E3}"
EndProject
Project("{FAE04EC0-301F-11D3-BF4B-00C04F79EFBC}") = "RDotNet.Graphics.Tests", "RDotNet.Graphics.Tests\RDotNet.Graphics.Tests.csproj", "{A535A809-9FA8-4167-8551-5AC84C7C4E1D}"
EndProject
Global
	GlobalSection(SolutionConfigurationPlatforms) = preSolution
		Debug|Any CPU = Debug|Any CPU
		Debug|x64 = Debug|x64
		Debug|x86 = Debug|x86
		Release|Any CPU = Release|Any CPU
		Release|x64 = Release|x64
		Release|x86 = Release|x86
	EndGlobalSection
	GlobalSection(ProjectConfigurationPlatforms) = postSolution
		{FE745BFD-793D-4B05-B0EE-BEA4D5E3C0A6}.Debug|Any CPU.ActiveCfg = Debug|Any CPU
		{FE745BFD-793D-4B05-B0EE-BEA4D5E3C0A6}.Debug|Any CPU.Build.0 = Debug|Any CPU
		{FE745BFD-793D-4B05-B0EE-BEA4D5E3C0A6}.Debug|x64.ActiveCfg = Debug|Any CPU
		{FE745BFD-793D-4B05-B0EE-BEA4D5E3C0A6}.Debug|x64.Build.0 = Debug|Any CPU
		{FE745BFD-793D-4B05-B0EE-BEA4D5E3C0A6}.Debug|x86.ActiveCfg = Debug|Any CPU
		{FE745BFD-793D-4B05-B0EE-BEA4D5E3C0A6}.Debug|x86.Build.0 = Debug|Any CPU
		{FE745BFD-793D-4B05-B0EE-BEA4D5E3C0A6}.Release|Any CPU.ActiveCfg = Release|Any CPU
		{FE745BFD-793D-4B05-B0EE-BEA4D5E3C0A6}.Release|Any CPU.Build.0 = Release|Any CPU
		{FE745BFD-793D-4B05-B0EE-BEA4D5E3C0A6}.Release|x64.ActiveCfg = Release|Any CPU
		{FE745BFD-793D-4B05-B0EE-BEA4D5E3C0A6}.Release|x64.Build.0 = Release|Any CPU
		{FE745BFD-793D-4B05-B0EE-BEA4D5E3C0A6}.Release|x86.ActiveCfg = Release|Any CPU
		{FE745BFD-793D-4B05-B0EE-BEA4D5E3C0A6}.Release|x86.Build.0 = Release|Any CPU
		{6C456A2E-FBB5-44DA-B0D2-FE76C49FCD06}.Debug|Any CPU.ActiveCfg = Debug|Any CPU
		{6C456A2E-FBB5-44DA-B0D2-FE76C49FCD06}.Debug|Any CPU.Build.0 = Debug|Any CPU
		{6C456A2E-FBB5-44DA-B0D2-FE76C49FCD06}.Debug|x64.ActiveCfg = Debug|Any CPU
		{6C456A2E-FBB5-44DA-B0D2-FE76C49FCD06}.Debug|x64.Build.0 = Debug|Any CPU
		{6C456A2E-FBB5-44DA-B0D2-FE76C49FCD06}.Debug|x86.ActiveCfg = Debug|Any CPU
		{6C456A2E-FBB5-44DA-B0D2-FE76C49FCD06}.Debug|x86.Build.0 = Debug|Any CPU
		{6C456A2E-FBB5-44DA-B0D2-FE76C49FCD06}.Release|Any CPU.ActiveCfg = Release|Any CPU
		{6C456A2E-FBB5-44DA-B0D2-FE76C49FCD06}.Release|Any CPU.Build.0 = Release|Any CPU
		{6C456A2E-FBB5-44DA-B0D2-FE76C49FCD06}.Release|x64.ActiveCfg = Release|Any CPU
		{6C456A2E-FBB5-44DA-B0D2-FE76C49FCD06}.Release|x64.Build.0 = Release|Any CPU
		{6C456A2E-FBB5-44DA-B0D2-FE76C49FCD06}.Release|x86.ActiveCfg = Release|Any CPU
		{6C456A2E-FBB5-44DA-B0D2-FE76C49FCD06}.Release|x86.Build.0 = Release|Any CPU
		{4C34EA35-2E17-44A1-B986-0AD603BE59E3}.Debug|Any CPU.ActiveCfg = Debug|Any CPU
		{4C34EA35-2E17-44A1-B986-0AD603BE59E3}.Debug|Any CPU.Build.0 = Debug|Any CPU
		{4C34EA35-2E17-44A1-B986-0AD603BE59E3}.Debug|x64.ActiveCfg = Debug|Any CPU
		{4C34EA35-2E17-44A1-B986-0AD603BE59E3}.Debug|x64.Build.0 = Debug|Any CPU
		{4C34EA35-2E17-44A1-B986-0AD603BE59E3}.Debug|x86.ActiveCfg = Debug|Any CPU
		{4C34EA35-2E17-44A1-B986-0AD603BE59E3}.Debug|x86.Build.0 = Debug|Any CPU
		{4C34EA35-2E17-44A1-B986-0AD603BE59E3}.Release|Any CPU.ActiveCfg = Release|Any CPU
		{4C34EA35-2E17-44A1-B986-0AD603BE59E3}.Release|Any CPU.Build.0 = Release|Any CPU
		{4C34EA35-2E17-44A1-B986-0AD603BE59E3}.Release|x64.ActiveCfg = Release|Any CPU
		{4C34EA35-2E17-44A1-B986-0AD603BE59E3}.Release|x64.Build.0 = Release|Any CPU
		{4C34EA35-2E17-44A1-B986-0AD603BE59E3}.Release|x86.ActiveCfg = Release|Any CPU
		{4C34EA35-2E17-44A1-B986-0AD603BE59E3}.Release|x86.Build.0 = Release|Any CPU
		{A535A809-9FA8-4167-8551-5AC84C7C4E1D}.Debug|Any CPU.ActiveCfg = Debug|Any CPU
		{A535A809-9FA8-4167-8551-5AC84C7C4E1D}.Debug|Any CPU.Build.0 = Debug|Any CPU
		{A535A809-9FA8-4167-8551-5AC84C7C4E1D}.Debug|x64.ActiveCfg = Debug|Any CPU
		{A535A809-9FA8-4167-8551-5AC84C7C4E1D}.Debug|x64.Build.0 = Debug|Any CPU
		{A535A809-9FA8-4167-8551-5AC84C7C4E1D}.Debug|x86.ActiveCfg = Debug|Any CPU
		{A535A809-9FA8-4167-8551-5AC84C7C4E1D}.Debug|x86.Build.0 = Debug|Any CPU
		{A535A809-9FA8-4167-8551-5AC84C7C4E1D}.Release|Any CPU.ActiveCfg = Release|Any CPU
		{A535A809-9FA8-4167-8551-5AC84C7C4E1D}.Release|Any CPU.Build.0 = Release|Any CPU
		{A535A809-9FA8-4167-8551-5AC84C7C4E1D}.Release|x64.ActiveCfg = Release|Any CPU
		{A535A809-9FA8-4167-8551-5AC84C7C4E1D}.Release|x64.Build.0 = Release|Any CPU
		{A535A809-9FA8-4167-8551-5AC84C7C4E1D}.Release|x86.ActiveCfg = Release|Any CPU
		{A535A809-9FA8-4167-8551-5AC84C7C4E1D}.Release|x86.Build.0 = Release|Any CPU
	EndGlobalSection
	GlobalSection(SolutionProperties) = preSolution
		HideSolutionNode = FALSE
	EndGlobalSection
	GlobalSection(NestedProjects) = preSolution
		{6C456A2E-FBB5-44DA-B0D2-FE76C49FCD06} = {569B67FC-49C8-4D0A-B8BF-CEBB2506618B}
		{A535A809-9FA8-4167-8551-5AC84C7C4E1D} = {569B67FC-49C8-4D0A-B8BF-CEBB2506618B}
	EndGlobalSection
	GlobalSection(ExtensibilityGlobals) = postSolution
		SolutionGuid = {A1A9D07E-3444-439B-AFD5-1C89DD1CE442}
	EndGlobalSection
	GlobalSection(MonoDevelopProperties) = preSolution
		StartupItem = R.NET\R.NET.csproj
	EndGlobalSection
EndGlobal
